
Microsoft Visual Studio Solution File, Format Version 12.00
# Visual Studio Version 16
VisualStudioVersion = 16.0.31624.102
MinimumVisualStudioVersion = 10.0.40219.1
Project("{FAE04EC0-301F-11D3-BF4B-00C04F79EFBC}") = "BlogofCrime", "BlogofCrime.csproj", "{7BDABA70-ABEC-4864-8993-15E6D945024C}"
EndProject
Global
	GlobalSection(SolutionConfigurationPlatforms) = preSolution
		Debug|Any CPU = Debug|Any CPU
		Release|Any CPU = Release|Any CPU
	EndGlobalSection
	GlobalSection(ProjectConfigurationPlatforms) = postSolution
		{7BDABA70-ABEC-4864-8993-15E6D945024C}.Debug|Any CPU.ActiveCfg = Debug|Any CPU
		{7BDABA70-ABEC-4864-8993-15E6D945024C}.Debug|Any CPU.Build.0 = Debug|Any CPU
		{7BDABA70-ABEC-4864-8993-15E6D945024C}.Release|Any CPU.ActiveCfg = Release|Any CPU
		{7BDABA70-ABEC-4864-8993-15E6D945024C}.Release|Any CPU.Build.0 = Release|Any CPU
	EndGlobalSection
	GlobalSection(SolutionProperties) = preSolution
		HideSolutionNode = FALSE
	EndGlobalSection
	GlobalSection(ExtensibilityGlobals) = postSolution
		SolutionGuid = {3F471B01-0B4B-42B7-BE38-1D36077FA136}
	EndGlobalSection
EndGlobal
